{
  "agentId": "ar-screen",
  "sessionId": "/Users/liamwest/.pi/agent/sessions/--Users-liamwest-src-github.com-JeffrayZhang-Stupid-hacks-agent-worktree-0006--/2026-03-28T17-55-29-270Z_e4169c66-f37f-4cbc-b4de-028a5bd66520.jsonl",
  "parentSessionId": "/Users/liamwest/.pi/agent/sessions/--Users-liamwest-src-github.com-JeffrayZhang-Stupid-hacks--/2026-03-28T17-30-44-011Z_ac676a31-38fc-46c8-9049-5c76a8296cc1.jsonl",
  "pid": 43133,
  "branch": "side-agent/ar-screen",
  "startedAt": "2026-03-28T17:55:27.786Z",
  "tmuxWindowId": "@90",
  "tmuxWindowIndex": 4
}
